<?xml version="1.0" encoding="utf-8"?>
<Project ToolsVersion="4.0" xmlns="http://schemas.microsoft.com/developer/msbuild/2003">
  <ItemGroup>
    <Filter Include="ソース ファイル">
      <UniqueIdentifier>{4FC737F1-C7A5-4376-A066-2A32D752A2FF}</UniqueIdentifier>
      <Extensions>cpp;c;cc;cxx;c++;cppm;ixx;def;odl;idl;hpj;bat;asm;asmx</Extensions>
    </Filter>
    <Filter Include="ヘッダー ファイル">
      <UniqueIdentifier>{93995380-89BD-4b04-88EB-625FBE52EBFB}</UniqueIdentifier>
      <Extensions>h;hh;hpp;hxx;h++;hm;inl;inc;ipp;xsd</Extensions>
    </Filter>
    <Filter Include="リソース ファイル">
      <UniqueIdentifier>{67DA6AB6-F800-4c08-8B7A-83BB121AAD01}</UniqueIdentifier>
      <Extensions>rc;ico;cur;bmp;dlg;rc2;rct;bin;rgs;gif;jpg;jpeg;jpe;resx;tiff;tif;png;wav;mfcribbon-ms</Extensions>
    </Filter>
    <Filter Include="ソース ファイル\Re">
      <UniqueIdentifier>{af8328ba-0c7f-47cd-ac7f-f16943821f39}</UniqueIdentifier>
    </Filter>
    <Filter Include="ヘッダー ファイル\Re">
      <UniqueIdentifier>{1d4d485b-bfeb-4316-8847-1ce693f89451}</UniqueIdentifier>
    </Filter>
  </ItemGroup>
  <ItemGroup>
    <ClCompile Include="Re\ConstBuff.cpp">
      <Filter>ソース ファイル\Re</Filter>
    </ClCompile>
    <ClCompile Include="Re\DirectX.cpp">
      <Filter>ソース ファイル\Re</Filter>
    </ClCompile>
    <ClCompile Include="Re\GPipeline.cpp">
      <Filter>ソース ファイル\Re</Filter>
    </ClCompile>
    <ClCompile Include="Re\Input.cpp">
      <Filter>ソース ファイル\Re</Filter>
    </ClCompile>
    <ClCompile Include="Re\Matrix.cpp">
      <Filter>ソース ファイル\Re</Filter>
    </ClCompile>
    <ClCompile Include="Re\Model.cpp">
      <Filter>ソース ファイル\Re</Filter>
    </ClCompile>
    <ClCompile Include="Re\MyDebugCamera.cpp">
      <Filter>ソース ファイル\Re</Filter>
    </ClCompile>
    <ClCompile Include="Re\MyMath.cpp">
      <Filter>ソース ファイル\Re</Filter>
    </ClCompile>
    <ClCompile Include="Re\Object2D.cpp">
      <Filter>ソース ファイル\Re</Filter>
    </ClCompile>
    <ClCompile Include="Re\Object3D.cpp">
      <Filter>ソース ファイル\Re</Filter>
    </ClCompile>
    <ClCompile Include="Re\ObjFile.cpp">
      <Filter>ソース ファイル\Re</Filter>
    </ClCompile>
    <ClCompile Include="Re\ScissorRect.cpp">
      <Filter>ソース ファイル\Re</Filter>
    </ClCompile>
    <ClCompile Include="Re\Shader.cpp">
      <Filter>ソース ファイル\Re</Filter>
    </ClCompile>
    <ClCompile Include="Re\Square.cpp">
      <Filter>ソース ファイル\Re</Filter>
    </ClCompile>
    <ClCompile Include="Re\TextureData.cpp">
      <Filter>ソース ファイル\Re</Filter>
    </ClCompile>
    <ClCompile Include="Re\Vector2D.cpp">
      <Filter>ソース ファイル\Re</Filter>
    </ClCompile>
    <ClCompile Include="Re\Vector3D.cpp">
      <Filter>ソース ファイル\Re</Filter>
    </ClCompile>
    <ClCompile Include="Re\Vector4D.cpp">
      <Filter>ソース ファイル\Re</Filter>
    </ClCompile>
    <ClCompile Include="Re\VertBuff.cpp">
      <Filter>ソース ファイル\Re</Filter>
    </ClCompile>
    <ClCompile Include="Re\ViewPort.cpp">
      <Filter>ソース ファイル\Re</Filter>
    </ClCompile>
    <ClCompile Include="Re\Window.cpp">
      <Filter>ソース ファイル\Re</Filter>
    </ClCompile>
    <ClCompile Include="Re\Controller.cpp">
      <Filter>ソース ファイル\Re</Filter>
    </ClCompile>
    <ClCompile Include="main.cpp">
      <Filter>ソース ファイル</Filter>
    </ClCompile>
    <ClCompile Include="Sound.cpp">
      <Filter>ソース ファイル\Re</Filter>
    </ClCompile>
    <ClCompile Include="Player.cpp">
      <Filter>ソース ファイル\Re</Filter>
    </ClCompile>
  </ItemGroup>
  <ItemGroup>
    <FxCompile Include="PShader.hlsl">
      <Filter>リソース ファイル</Filter>
    </FxCompile>
    <FxCompile Include="VShader.hlsl">
      <Filter>リソース ファイル</Filter>
    </FxCompile>
    <FxCompile Include="SpritePS.hlsl">
      <Filter>リソース ファイル</Filter>
    </FxCompile>
    <FxCompile Include="SpriteVS.hlsl">
      <Filter>リソース ファイル</Filter>
    </FxCompile>
    <FxCompile Include="BasicPS.hlsl">
      <Filter>リソース ファイル</Filter>
    </FxCompile>
    <FxCompile Include="BasicVS.hlsl">
      <Filter>リソース ファイル</Filter>
    </FxCompile>
  </ItemGroup>
  <ItemGroup>
    <ClInclude Include="Re\Window.h">
      <Filter>ヘッダー ファイル\Re</Filter>
    </ClInclude>
    <ClInclude Include="Re\ViewPort.h">
      <Filter>ヘッダー ファイル\Re</Filter>
    </ClInclude>
    <ClInclude Include="Re\VertBuff.h">
      <Filter>ヘッダー ファイル\Re</Filter>
    </ClInclude>
    <ClInclude Include="Re\Vector4D.h">
      <Filter>ヘッダー ファイル\Re</Filter>
    </ClInclude>
    <ClInclude Include="Re\Vector3D.h">
      <Filter>ヘッダー ファイル\Re</Filter>
    </ClInclude>
    <ClInclude Include="Re\Vector2D.h">
      <Filter>ヘッダー ファイル\Re</Filter>
    </ClInclude>
    <ClInclude Include="Re\TextureData.h">
      <Filter>ヘッダー ファイル\Re</Filter>
    </ClInclude>
    <ClInclude Include="Re\Square.h">
      <Filter>ヘッダー ファイル\Re</Filter>
    </ClInclude>
    <ClInclude Include="Re\Shader.h">
      <Filter>ヘッダー ファイル\Re</Filter>
    </ClInclude>
    <ClInclude Include="Re\ScissorRect.h">
      <Filter>ヘッダー ファイル\Re</Filter>
    </ClInclude>
    <ClInclude Include="Re\ObjFile.h">
      <Filter>ヘッダー ファイル\Re</Filter>
    </ClInclude>
    <ClInclude Include="Re\Object3D.h">
      <Filter>ヘッダー ファイル\Re</Filter>
    </ClInclude>
    <ClInclude Include="Re\Object2D.h">
      <Filter>ヘッダー ファイル\Re</Filter>
    </ClInclude>
    <ClInclude Include="Re\MyMath.h">
      <Filter>ヘッダー ファイル\Re</Filter>
    </ClInclude>
    <ClInclude Include="Re\MyDebugCamera.h">
      <Filter>ヘッダー ファイル\Re</Filter>
    </ClInclude>
    <ClInclude Include="Re\Model.h">
      <Filter>ヘッダー ファイル\Re</Filter>
    </ClInclude>
    <ClInclude Include="Re\Matrix.h">
      <Filter>ヘッダー ファイル\Re</Filter>
    </ClInclude>
    <ClInclude Include="Re\Input.h">
      <Filter>ヘッダー ファイル\Re</Filter>
    </ClInclude>
    <ClInclude Include="Re\GPipeline.h">
      <Filter>ヘッダー ファイル\Re</Filter>
    </ClInclude>
    <ClInclude Include="Re\DirectX.h">
      <Filter>ヘッダー ファイル\Re</Filter>
    </ClInclude>
    <ClInclude Include="Re\ConstBuff.h">
      <Filter>ヘッダー ファイル\Re</Filter>
    </ClInclude>
    <ClInclude Include="Re\Controller.h">
      <Filter>ヘッダー ファイル\Re</Filter>
    </ClInclude>
    <ClInclude Include="Player.h">
      <Filter>ヘッダー ファイル\Re</Filter>
    </ClInclude>
    <ClInclude Include="Sound.h">
      <Filter>ヘッダー ファイル\Re</Filter>
    </ClInclude>
  </ItemGroup>
  <ItemGroup>
    <None Include="Basic.hlsli">
      <Filter>リソース ファイル</Filter>
    </None>
    <None Include="SpriteHeader.hlsli">
      <Filter>リソース ファイル</Filter>
    </None>
  </ItemGroup>
</Project>