<?xml version="1.0" encoding="utf-8"?>
<Project ToolsVersion="4.0" xmlns="http://schemas.microsoft.com/developer/msbuild/2003">
  <ItemGroup>
    <FxCompile Include="Resources\shader\BasicPS.hlsl">
      <Filter>リソースファイル\Basic</Filter>
    </FxCompile>
    <FxCompile Include="Resources\shader\BasicVS.hlsl">
      <Filter>リソースファイル\Basic</Filter>
    </FxCompile>
    <FxCompile Include="Resources\shader\GeometryPS.hlsl">
      <Filter>リソースファイル\Geometry</Filter>
    </FxCompile>
    <FxCompile Include="Resources\shader\GeometryVS.hlsl">
      <Filter>リソースファイル\Geometry</Filter>
    </FxCompile>
    <FxCompile Include="Resources\shader\PShader.hlsl">
      <Filter>リソースファイル\Basic</Filter>
    </FxCompile>
    <FxCompile Include="Resources\shader\VShader.hlsl">
      <Filter>リソースファイル\Basic</Filter>
    </FxCompile>
    <FxCompile Include="Resources\shader\SpritePS.hlsl">
      <Filter>リソースファイル\SPrite</Filter>
    </FxCompile>
    <FxCompile Include="Resources\shader\SpriteVS.hlsl">
      <Filter>リソースファイル\SPrite</Filter>
    </FxCompile>
  </ItemGroup>
  <ItemGroup>
    <ClCompile Include="DirectXGame\Application\Particle\CircleParticle.cpp">
      <Filter>ソースファイル\Particle</Filter>
    </ClCompile>
    <ClCompile Include="DirectXGame\Application\Particle\BoxParticle.cpp">
      <Filter>ソースファイル\Particle</Filter>
    </ClCompile>
    <ClCompile Include="DirectXGame\Application\Collision\Collision.cpp">
      <Filter>ソースファイル\Collision</Filter>
    </ClCompile>
    <ClCompile Include="DirectXGame\Application\Collision\CollisionManager.cpp">
      <Filter>ソースファイル\Collision</Filter>
    </ClCompile>
    <ClCompile Include="DirectXGame\Application\Scene\ChengeScene.cpp">
      <Filter>ソースファイル\Scene</Filter>
    </ClCompile>
    <ClCompile Include="DirectXGame\Engine\Input\Controller.cpp">
      <Filter>ソースファイル\Input</Filter>
    </ClCompile>
    <ClCompile Include="DirectXGame\Engine\DirectX\ConstBuff.cpp">
      <Filter>ソースファイル\DirectX</Filter>
    </ClCompile>
    <ClCompile Include="DirectXGame\Engine\DirectX\DirectX.cpp">
      <Filter>ソースファイル\DirectX</Filter>
    </ClCompile>
    <ClCompile Include="DirectXGame\Engine\DirectX\DescriptorHeap.cpp">
      <Filter>ソースファイル\DirectX</Filter>
    </ClCompile>
    <ClCompile Include="DirectXGame\Engine\Math\Easing.cpp">
      <Filter>ソースファイル\Effect</Filter>
    </ClCompile>
    <ClCompile Include="DirectXGame\Application\Particle\Emitter.cpp">
      <Filter>ソースファイル\Particle</Filter>
    </ClCompile>
    <ClCompile Include="DirectXGame\Application\Scene\GameClearScene.cpp">
      <Filter>ソースファイル\Scene</Filter>
    </ClCompile>
    <ClCompile Include="DirectXGame\Application\Scene\GameOverScene.cpp">
      <Filter>ソースファイル\Scene</Filter>
    </ClCompile>
    <ClCompile Include="DirectXGame\Engine\DirectX\FlameWork.cpp">
      <Filter>ソースファイル\DirectX</Filter>
    </ClCompile>
    <ClCompile Include="DirectXGame\Engine\DirectX\GPipeline.cpp">
      <Filter>ソースファイル\DirectX</Filter>
    </ClCompile>
    <ClCompile Include="DirectXGame\Engine\DirectX\VertBuff.cpp">
      <Filter>ソースファイル\DirectX</Filter>
    </ClCompile>
    <ClCompile Include="DirectXGame\Engine\DirectX\ViewPort.cpp">
      <Filter>ソースファイル\DirectX</Filter>
    </ClCompile>
    <ClCompile Include="DirectXGame\Engine\DirectX\Window.cpp">
      <Filter>ソースファイル\DirectX</Filter>
    </ClCompile>
    <ClCompile Include="DirectXGame\Engine\DirectX\ScissorRect.cpp">
      <Filter>ソースファイル\DirectX</Filter>
    </ClCompile>
    <ClCompile Include="DirectXGame\Application\main\main.cpp">
      <Filter>ソースファイル\Game</Filter>
    </ClCompile>
    <ClCompile Include="DirectXGame\Application\main\MyGame.cpp">
      <Filter>ソースファイル\Game</Filter>
    </ClCompile>
    <ClCompile Include="DirectXGame\Application\Camera\GameCamera.cpp">
      <Filter>ソースファイル\Camera</Filter>
    </ClCompile>
    <ClCompile Include="DirectXGame\Engine\Camera\MyDebugCamera.cpp">
      <Filter>ソースファイル\Camera</Filter>
    </ClCompile>
    <ClCompile Include="DirectXGame\Engine\Input\Input.cpp">
      <Filter>ソースファイル\Input</Filter>
    </ClCompile>
    <ClCompile Include="DirectXGame\Engine\DirectX\ImguiManager.cpp">
      <Filter>ソースファイル\Input</Filter>
    </ClCompile>
    <ClCompile Include="DirectXGame\Engine\Math\Matrix.cpp">
      <Filter>ソースファイル\Math</Filter>
    </ClCompile>
    <ClCompile Include="DirectXGame\Engine\Math\Vector4D.cpp">
      <Filter>ソースファイル\Math</Filter>
    </ClCompile>
    <ClCompile Include="DirectXGame\Engine\Math\Vector3D.cpp">
      <Filter>ソースファイル\Math</Filter>
    </ClCompile>
    <ClCompile Include="DirectXGame\Engine\Math\Vector2D.cpp">
      <Filter>ソースファイル\Math</Filter>
    </ClCompile>
    <ClCompile Include="DirectXGame\Engine\Sprite\SpriteManager.cpp">
      <Filter>ソースファイル\Sprite</Filter>
    </ClCompile>
    <ClCompile Include="DirectXGame\Engine\Sprite\Sprite.cpp">
      <Filter>ソースファイル\Sprite</Filter>
    </ClCompile>
    <ClCompile Include="DirectXGame\Application\Scene\TitleScene.cpp">
      <Filter>ソースファイル\Scene</Filter>
    </ClCompile>
    <ClCompile Include="DirectXGame\Application\Scene\SceneFactory.cpp">
      <Filter>ソースファイル\Scene</Filter>
    </ClCompile>
    <ClCompile Include="DirectXGame\Application\Scene\SceneManager.cpp">
      <Filter>ソースファイル\Scene</Filter>
    </ClCompile>
    <ClCompile Include="DirectXGame\Application\Scene\PlayScene.cpp">
      <Filter>ソースファイル\Scene</Filter>
    </ClCompile>
    <ClCompile Include="DirectXGame\Engine\Math\MyMath.cpp">
      <Filter>ソースファイル\Math</Filter>
    </ClCompile>
    <ClCompile Include="DirectXGame\Engine\Shader\Shader.cpp">
      <Filter>ソースファイル\Shader</Filter>
    </ClCompile>
    <ClCompile Include="DirectXGame\Engine\Sound\Sound.cpp">
      <Filter>ソースファイル\Sound</Filter>
    </ClCompile>
    <ClCompile Include="DirectXGame\Application\Particle\ParticleManager.cpp">
      <Filter>ソースファイル\Particle</Filter>
    </ClCompile>
    <ClCompile Include="DirectXGame\Application\Particle\Particle.cpp">
      <Filter>ソースファイル\Particle</Filter>
    </ClCompile>
    <ClCompile Include="DirectXGame\Engine\Object\ObjFile.cpp">
      <Filter>ソースファイル\Model</Filter>
    </ClCompile>
    <ClCompile Include="DirectXGame\Engine\Object\Object3D.cpp">
      <Filter>ソースファイル\Model</Filter>
    </ClCompile>
    <ClCompile Include="DirectXGame\Engine\Object\Object2D.cpp">
      <Filter>ソースファイル\Model</Filter>
    </ClCompile>
    <ClCompile Include="DirectXGame\Engine\Object\Model.cpp">
      <Filter>ソースファイル\Model</Filter>
    </ClCompile>
    <ClCompile Include="DirectXGame\Application\Camera\HitStop.cpp">
      <Filter>ソースファイル\Effect</Filter>
    </ClCompile>
    <ClCompile Include="DirectXGame\Application\Camera\Shake.cpp">
      <Filter>ソースファイル\Effect</Filter>
    </ClCompile>
    <ClCompile Include="DirectXGame\Engine\DirectX\JsonFileOpen.cpp">
      <Filter>ソースファイル\LoadFile</Filter>
    </ClCompile>
    <ClCompile Include="DirectXGame\Application\Actor\LoadObjectData.cpp">
      <Filter>ソースファイル\LoadFile</Filter>
    </ClCompile>
    <ClCompile Include="DirectXGame\Engine\Object\Square.cpp">
      <Filter>ソースファイル\Model</Filter>
    </ClCompile>
    <ClCompile Include="DirectXGame\Application\Scene\TutorialScene.cpp">
      <Filter>ソースファイル\Scene</Filter>
    </ClCompile>
    <ClCompile Include="DirectXGame\Application\Ui\UiManager.cpp">
      <Filter>ソースファイル\UI</Filter>
    </ClCompile>
    <ClCompile Include="DirectXGame\Engine\Object\ModelManager.cpp">
      <Filter>ソースファイル\Model</Filter>
    </ClCompile>
    <ClCompile Include="DirectXGame\Engine\Sprite\TextureManager.cpp">
      <Filter>ソースファイル\Sprite</Filter>
    </ClCompile>
    <ClCompile Include="DirectXGame\Application\Scene\Pause.cpp">
      <Filter>ソースファイル\UI</Filter>
    </ClCompile>
    <ClCompile Include="DirectXGame\Application\Actor\StageManager.cpp">
      <Filter>ソースファイル</Filter>
    </ClCompile>
    <ClCompile Include="Player.cpp">
      <Filter>ソースファイル\Actor</Filter>
    </ClCompile>
  </ItemGroup>
  <ItemGroup>
    <ClInclude Include="DirectXGame\Application\Scene\BaseScene.h">
      <Filter>ヘッダーファイル\Scene</Filter>
    </ClInclude>
    <ClInclude Include="DirectXGame\Application\Scene\GameClearScene.h">
      <Filter>ヘッダーファイル\Scene</Filter>
    </ClInclude>
    <ClInclude Include="DirectXGame\Application\Scene\GameOverScene.h">
      <Filter>ヘッダーファイル\Scene</Filter>
    </ClInclude>
    <ClInclude Include="DirectXGame\Application\Scene\PlayScene.h">
      <Filter>ヘッダーファイル\Scene</Filter>
    </ClInclude>
    <ClInclude Include="DirectXGame\Application\Scene\TitleScene.h">
      <Filter>ヘッダーファイル\Scene</Filter>
    </ClInclude>
    <ClInclude Include="DirectXGame\Application\Particle\BoxParticle.h">
      <Filter>ヘッダーファイル\Particle</Filter>
    </ClInclude>
    <ClInclude Include="DirectXGame\Application\Particle\CircleParticle.h">
      <Filter>ヘッダーファイル\Particle</Filter>
    </ClInclude>
    <ClInclude Include="DirectXGame\Application\Particle\ParticleManager.h">
      <Filter>ヘッダーファイル\Particle</Filter>
    </ClInclude>
    <ClInclude Include="DirectXGame\Application\Scene\ChengeScene.h">
      <Filter>ヘッダーファイル\Scene</Filter>
    </ClInclude>
    <ClInclude Include="DirectXGame\Application\Collision\Collision.h">
      <Filter>ヘッダーファイル\Collision</Filter>
    </ClInclude>
    <ClInclude Include="DirectXGame\Application\Collision\CollisionManager.h">
      <Filter>ヘッダーファイル\Collision</Filter>
    </ClInclude>
    <ClInclude Include="DirectXGame\Engine\Input\Controller.h">
      <Filter>ヘッダーファイル\Input</Filter>
    </ClInclude>
    <ClInclude Include="DirectXGame\Engine\Input\Input.h">
      <Filter>ヘッダーファイル\Input</Filter>
    </ClInclude>
    <ClInclude Include="DirectXGame\Application\Particle\Emitter.h">
      <Filter>ヘッダーファイル\Particle</Filter>
    </ClInclude>
    <ClInclude Include="DirectXGame\Engine\Math\Enum.h">
      <Filter>ヘッダーファイル\Math</Filter>
    </ClInclude>
    <ClInclude Include="DirectXGame\Engine\Math\Matrix.h">
      <Filter>ヘッダーファイル\Math</Filter>
    </ClInclude>
    <ClInclude Include="DirectXGame\Engine\Math\Vector4D.h">
      <Filter>ヘッダーファイル\Math</Filter>
    </ClInclude>
    <ClInclude Include="DirectXGame\Engine\Math\Vector3D.h">
      <Filter>ヘッダーファイル\Math</Filter>
    </ClInclude>
    <ClInclude Include="DirectXGame\Engine\Math\Vector2D.h">
      <Filter>ヘッダーファイル\Math</Filter>
    </ClInclude>
    <ClInclude Include="DirectXGame\Application\Scene\SceneFactory.h">
      <Filter>ヘッダーファイル\Scene</Filter>
    </ClInclude>
    <ClInclude Include="DirectXGame\Application\Scene\SceneManager.h">
      <Filter>ヘッダーファイル\Scene</Filter>
    </ClInclude>
    <ClInclude Include="DirectXGame\Application\Particle\Particle.h">
      <Filter>ヘッダーファイル\Particle</Filter>
    </ClInclude>
    <ClInclude Include="DirectXGame\Engine\DirectX\ConstBuff.h">
      <Filter>ヘッダーファイル\DirectX</Filter>
    </ClInclude>
    <ClInclude Include="DirectXGame\Engine\DirectX\DescriptorHeap.h">
      <Filter>ヘッダーファイル\DirectX</Filter>
    </ClInclude>
    <ClInclude Include="DirectXGame\Engine\DirectX\DirectX.h">
      <Filter>ヘッダーファイル\DirectX</Filter>
    </ClInclude>
    <ClInclude Include="DirectXGame\Engine\DirectX\FlameWork.h">
      <Filter>ヘッダーファイル\DirectX</Filter>
    </ClInclude>
    <ClInclude Include="DirectXGame\Engine\DirectX\GPipeline.h">
      <Filter>ヘッダーファイル\DirectX</Filter>
    </ClInclude>
    <ClInclude Include="DirectXGame\Engine\DirectX\ScissorRect.h">
      <Filter>ヘッダーファイル\DirectX</Filter>
    </ClInclude>
    <ClInclude Include="DirectXGame\Engine\DirectX\VertBuff.h">
      <Filter>ヘッダーファイル\DirectX</Filter>
    </ClInclude>
    <ClInclude Include="DirectXGame\Engine\DirectX\ViewPort.h">
      <Filter>ヘッダーファイル\DirectX</Filter>
    </ClInclude>
    <ClInclude Include="DirectXGame\Engine\DirectX\Window.h">
      <Filter>ヘッダーファイル\DirectX</Filter>
    </ClInclude>
    <ClInclude Include="DirectXGame\Application\Camera\GameCamera.h">
      <Filter>ヘッダーファイル\Camera</Filter>
    </ClInclude>
    <ClInclude Include="DirectXGame\Engine\Camera\MyDebugCamera.h">
      <Filter>ヘッダーファイル\Camera</Filter>
    </ClInclude>
    <ClInclude Include="DirectXGame\Engine\Object\Object2D.h">
      <Filter>ヘッダーファイル\Model</Filter>
    </ClInclude>
    <ClInclude Include="DirectXGame\Engine\Object\Object3D.h">
      <Filter>ヘッダーファイル\Model</Filter>
    </ClInclude>
    <ClInclude Include="DirectXGame\Engine\Object\ObjFile.h">
      <Filter>ヘッダーファイル\Model</Filter>
    </ClInclude>
    <ClInclude Include="DirectXGame\Engine\Object\Model.h">
      <Filter>ヘッダーファイル\Model</Filter>
    </ClInclude>
    <ClInclude Include="DirectXGame\Application\main\MyGame.h">
      <Filter>ヘッダーファイル\Game</Filter>
    </ClInclude>
    <ClInclude Include="DirectXGame\Engine\Math\MyMath.h">
      <Filter>ヘッダーファイル\Math</Filter>
    </ClInclude>
    <ClInclude Include="DirectXGame\Engine\Sprite\Sprite.h">
      <Filter>ヘッダーファイル\Sprite</Filter>
    </ClInclude>
    <ClInclude Include="DirectXGame\Engine\Sprite\SpriteManager.h">
      <Filter>ヘッダーファイル\Sprite</Filter>
    </ClInclude>
    <ClInclude Include="DirectXGame\Engine\Math\Easing.h">
      <Filter>ヘッダーファイル\Effect</Filter>
    </ClInclude>
    <ClInclude Include="DirectXGame\Application\Camera\HitStop.h">
      <Filter>ヘッダーファイル\Effect</Filter>
    </ClInclude>
    <ClInclude Include="DirectXGame\Application\Camera\Shake.h">
      <Filter>ヘッダーファイル\Effect</Filter>
    </ClInclude>
    <ClInclude Include="DirectXGame\Engine\Object\Square.h">
      <Filter>ヘッダーファイル\Model</Filter>
    </ClInclude>
    <ClInclude Include="DirectXGame\Engine\DirectX\ImguiManager.h">
      <Filter>ヘッダーファイル\Input</Filter>
    </ClInclude>
    <ClInclude Include="DirectXGame\Engine\Sound\Sound.h">
      <Filter>ヘッダーファイル\Sound</Filter>
    </ClInclude>
    <ClInclude Include="DirectXGame\Engine\Shader\Shader.h">
      <Filter>ヘッダーファイル\Shader</Filter>
    </ClInclude>
    <ClInclude Include="DirectXGame\Engine\DirectX\JsonFileOpen.h">
      <Filter>ヘッダーファイル\LoadFile</Filter>
    </ClInclude>
    <ClInclude Include="DirectXGame\Application\Actor\LoadObjectData.h">
      <Filter>ヘッダーファイル\LoadFile</Filter>
    </ClInclude>
    <ClInclude Include="DirectXGame\Application\Scene\Pause.h">
      <Filter>ヘッダーファイル</Filter>
    </ClInclude>
    <ClInclude Include="DirectXGame\Engine\Sprite\TextureManager.h">
      <Filter>ヘッダーファイル</Filter>
    </ClInclude>
    <ClInclude Include="DirectXGame\Application\Actor\GameModel.h">
      <Filter>ヘッダーファイル</Filter>
    </ClInclude>
    <ClInclude Include="DirectXGame\Engine\Object\ModelManager.h">
      <Filter>ヘッダーファイル</Filter>
    </ClInclude>
    <ClInclude Include="DirectXGame\Application\Scene\TutorialScene.h">
      <Filter>ヘッダーファイル\Scene</Filter>
    </ClInclude>
    <ClInclude Include="DirectXGame\Application\Ui\UiManager.h">
      <Filter>ヘッダーファイル\Ui</Filter>
    </ClInclude>
    <ClInclude Include="DirectXGame\Application\Actor\StageManager.h">
      <Filter>ヘッダーファイル</Filter>
    </ClInclude>
  </ItemGroup>
  <ItemGroup>
    <None Include=".editorconfig" />
    <None Include="Resources\shader\Basic.hlsli">
      <Filter>リソースファイル\Basic</Filter>
    </None>
    <None Include="Resources\shader\Geometry.hlsli">
      <Filter>リソースファイル\Geometry</Filter>
    </None>
    <None Include="Resources\shader\SpriteHeader.hlsli">
      <Filter>リソースファイル\SPrite</Filter>
    </None>
  </ItemGroup>
  <ItemGroup>
    <Filter Include="ソースファイル">
      <UniqueIdentifier>{34b55857-e114-40e7-902f-b6b6f197b59b}</UniqueIdentifier>
    </Filter>
    <Filter Include="ヘッダーファイル">
      <UniqueIdentifier>{daf0fa04-bc74-4523-a14d-44ea2992f883}</UniqueIdentifier>
    </Filter>
    <Filter Include="リソースファイル">
      <UniqueIdentifier>{938c8415-1566-4e66-914a-62d16913fc1d}</UniqueIdentifier>
    </Filter>
    <Filter Include="リソースファイル\Basic">
      <UniqueIdentifier>{0699836c-d837-41f7-b24b-c4ffd62c8802}</UniqueIdentifier>
    </Filter>
    <Filter Include="リソースファイル\Geometry">
      <UniqueIdentifier>{0f350552-9df5-4b16-b867-0afabf3cdbc9}</UniqueIdentifier>
    </Filter>
    <Filter Include="リソースファイル\SPrite">
      <UniqueIdentifier>{b21d7ac9-efe8-4aaa-bbcf-2c87901d3f8e}</UniqueIdentifier>
    </Filter>
    <Filter Include="リソースファイル\PostEffect">
      <UniqueIdentifier>{2e039d79-084a-42f1-ba0e-c44001a1755e}</UniqueIdentifier>
    </Filter>
    <Filter Include="ヘッダーファイル\Actor">
      <UniqueIdentifier>{aa1c777b-3f38-4147-aee6-cc5044f7d6db}</UniqueIdentifier>
    </Filter>
    <Filter Include="ヘッダーファイル\Scene">
      <UniqueIdentifier>{9fdd2b99-16e4-4bdb-a483-97e34206196b}</UniqueIdentifier>
    </Filter>
    <Filter Include="ヘッダーファイル\Particle">
      <UniqueIdentifier>{872e184f-f014-43e8-99b9-f75fe36c9469}</UniqueIdentifier>
    </Filter>
    <Filter Include="ヘッダーファイル\DirectX">
      <UniqueIdentifier>{6f556531-027e-4287-a121-5b8266c7f3df}</UniqueIdentifier>
    </Filter>
    <Filter Include="ヘッダーファイル\Collision">
      <UniqueIdentifier>{7b6c5772-c19b-4332-a602-d630a2ceef98}</UniqueIdentifier>
    </Filter>
    <Filter Include="ヘッダーファイル\Input">
      <UniqueIdentifier>{e6439692-1484-48e9-8316-7800151864f1}</UniqueIdentifier>
    </Filter>
    <Filter Include="ヘッダーファイル\Math">
      <UniqueIdentifier>{909c2cb0-43a0-42b8-8d54-30c882d94fea}</UniqueIdentifier>
    </Filter>
    <Filter Include="ヘッダーファイル\Camera">
      <UniqueIdentifier>{42834e3e-1c2c-4312-9492-fd874936c839}</UniqueIdentifier>
    </Filter>
    <Filter Include="ヘッダーファイル\Model">
      <UniqueIdentifier>{23ce69d4-1790-4c04-86c6-3d174f9838a7}</UniqueIdentifier>
    </Filter>
    <Filter Include="ヘッダーファイル\Game">
      <UniqueIdentifier>{ca93ae4d-e641-49c3-af81-278fb3d42624}</UniqueIdentifier>
    </Filter>
    <Filter Include="ヘッダーファイル\Sprite">
      <UniqueIdentifier>{5960233f-6a9e-404b-9bd5-af6a60b0a7ca}</UniqueIdentifier>
    </Filter>
    <Filter Include="ヘッダーファイル\Effect">
      <UniqueIdentifier>{e2375d2d-0c79-411c-979a-0bd1e56802c4}</UniqueIdentifier>
    </Filter>
    <Filter Include="ヘッダーファイル\Sound">
      <UniqueIdentifier>{3244d623-f4d8-469b-aa8e-5f1a1b9497d4}</UniqueIdentifier>
    </Filter>
    <Filter Include="ヘッダーファイル\Shader">
      <UniqueIdentifier>{87d4414b-1854-4fac-be51-43b503c4dbc6}</UniqueIdentifier>
    </Filter>
    <Filter Include="ヘッダーファイル\LoadFile">
      <UniqueIdentifier>{51b3be04-262c-4078-8fb7-c610e319bce9}</UniqueIdentifier>
    </Filter>
    <Filter Include="ソースファイル\Actor">
      <UniqueIdentifier>{6783a317-8373-463f-9d48-d85186c8fc79}</UniqueIdentifier>
    </Filter>
    <Filter Include="ソースファイル\DirectX">
      <UniqueIdentifier>{ba622d28-7c02-4859-bd62-7139ec74e01e}</UniqueIdentifier>
    </Filter>
    <Filter Include="ソースファイル\Collision">
      <UniqueIdentifier>{ecbcf169-0c82-40f1-8498-a50c46ba244e}</UniqueIdentifier>
    </Filter>
    <Filter Include="ソースファイル\Input">
      <UniqueIdentifier>{cd06a444-f8df-490b-8d24-7acf424a73d7}</UniqueIdentifier>
    </Filter>
    <Filter Include="ソースファイル\Math">
      <UniqueIdentifier>{2c1765f2-ad3e-47c0-bc0e-411b706d5bf3}</UniqueIdentifier>
    </Filter>
    <Filter Include="ソースファイル\Camera">
      <UniqueIdentifier>{ed4d50df-045f-4694-a40f-66d8e3e8fbe8}</UniqueIdentifier>
    </Filter>
    <Filter Include="ソースファイル\Model">
      <UniqueIdentifier>{de8c76ce-6fd4-4e2d-8fb0-9857594fdb2d}</UniqueIdentifier>
    </Filter>
    <Filter Include="ソースファイル\Game">
      <UniqueIdentifier>{8e75d93a-f13a-477b-89d9-c95b7cb6fae2}</UniqueIdentifier>
    </Filter>
    <Filter Include="ソースファイル\Effect">
      <UniqueIdentifier>{9553694f-4854-449c-810c-136ea945e561}</UniqueIdentifier>
    </Filter>
    <Filter Include="ソースファイル\LoadFile">
      <UniqueIdentifier>{6c14b1a1-5dec-42be-8f51-d3d4d86070cd}</UniqueIdentifier>
    </Filter>
    <Filter Include="ソースファイル\Shader">
      <UniqueIdentifier>{2d535e0e-9317-401f-b68e-b7f267b66dcb}</UniqueIdentifier>
    </Filter>
    <Filter Include="ソースファイル\Sprite">
      <UniqueIdentifier>{ff7927b7-a759-4aa2-b99d-80bc3a92e2f0}</UniqueIdentifier>
    </Filter>
    <Filter Include="ソースファイル\Sound">
      <UniqueIdentifier>{d7f7f835-d370-4a8d-9e67-7c0e13c2aa4f}</UniqueIdentifier>
    </Filter>
    <Filter Include="ソースファイル\Particle">
      <UniqueIdentifier>{c5270d8a-d9d2-4fdb-a11d-a6fe7f7a5d23}</UniqueIdentifier>
    </Filter>
    <Filter Include="ソースファイル\Scene">
      <UniqueIdentifier>{d0d3e572-45d4-4491-bc93-7cf18f73b1b3}</UniqueIdentifier>
    </Filter>
    <Filter Include="ソースファイル\UI">
      <UniqueIdentifier>{0cfc2ea1-45c4-48ef-869a-e51c8694f915}</UniqueIdentifier>
    </Filter>
    <Filter Include="ヘッダーファイル\Ui">
      <UniqueIdentifier>{2e8a9e33-20c9-4549-89b0-db17d4a7d073}</UniqueIdentifier>
    </Filter>
  </ItemGroup>
</Project>